
Microsoft Visual Studio Solution File, Format Version 12.00
# Visual Studio Version 17
VisualStudioVersion = 17.1.32414.318
MinimumVisualStudioVersion = 10.0.40219.1
Project("{FAE04EC0-301F-11D3-BF4B-00C04F79EFBC}") = "AuthorsApp", "AuthorsApp\AuthorsApp.csproj", "{A23E3B27-217B-4A54-8167-4BC1B1929FF9}"
EndProject
Global
	GlobalSection(SolutionConfigurationPlatforms) = preSolution
		Debug|Any CPU = Debug|Any CPU
		Release|Any CPU = Release|Any CPU
	EndGlobalSection
	GlobalSection(ProjectConfigurationPlatforms) = postSolution
		{A23E3B27-217B-4A54-8167-4BC1B1929FF9}.Debug|Any CPU.ActiveCfg = Debug|Any CPU
		{A23E3B27-217B-4A54-8167-4BC1B1929FF9}.Debug|Any CPU.Build.0 = Debug|Any CPU
		{A23E3B27-217B-4A54-8167-4BC1B1929FF9}.Release|Any CPU.ActiveCfg = Release|Any CPU
		{A23E3B27-217B-4A54-8167-4BC1B1929FF9}.Release|Any CPU.Build.0 = Release|Any CPU
	EndGlobalSection
	GlobalSection(SolutionProperties) = preSolution
		HideSolutionNode = FALSE
	EndGlobalSection
	GlobalSection(ExtensibilityGlobals) = postSolution
		SolutionGuid = {D43B296A-E17B-4CF0-B3E8-C7247909B531}
	EndGlobalSection
EndGlobal
